<?xml version="1.0" encoding="utf-8"?>
<Project ToolsVersion="4.0" xmlns="http://schemas.microsoft.com/developer/msbuild/2003">
  <ItemGroup>
    <Filter Include="Source Files">
      <UniqueIdentifier>{4FC737F1-C7A5-4376-A066-2A32D752A2FF}</UniqueIdentifier>
      <Extensions>cpp;c;cxx;def;odl;idl;hpj;bat;asm;asmx</Extensions>
    </Filter>
    <Filter Include="Header Files">
      <UniqueIdentifier>{93995380-89BD-4b04-88EB-625FBE52EBFB}</UniqueIdentifier>
      <Extensions>h;hpp;hxx;hm;inl;inc;xsd</Extensions>
    </Filter>
    <Filter Include="Autogenerated">
      <UniqueIdentifier>{4ef4cf77-ba56-4c20-848f-59184d61cd04}</UniqueIdentifier>
    </Filter>
  </ItemGroup>
  <ItemGroup>
    <ClCompile Include="..\trace\D3DPixRunPlayer\D3D9Info.cpp">
      <Filter>Source Files</Filter>
    </ClCompile>
    <ClCompile Include="..\trace\D3DPixRunPlayer\D3D9PixRunPlayer.cpp">
      <Filter>Source Files</Filter>
    </ClCompile>
    <ClCompile Include="..\trace\D3DPixRunPlayer\D3D9Status.cpp">
      <Filter>Source Files</Filter>
    </ClCompile>
    <ClCompile Include="..\trace\D3DPixRunPlayer\D3DBuffer.cpp">
      <Filter>Source Files</Filter>
    </ClCompile>
    <ClCompile Include="..\trace\D3DPixRunPlayer\D3DConfiguration.cpp">
      <Filter>Source Files</Filter>
    </ClCompile>
    <ClCompile Include="..\trace\D3DPixRunPlayer\D3DPixRunReader.cpp">
      <Filter>Source Files</Filter>
    </ClCompile>
    <ClCompile Include="..\trace\D3DPixRunPlayer\IniFile.cpp">
      <Filter>Source Files</Filter>
    </ClCompile>
    <ClCompile Include="..\trace\D3DPixRunPlayer\stdafx.cpp">
      <Filter>Source Files</Filter>
    </ClCompile>
    <ClCompile Include="..\trace\D3DPixRunPlayer\StringUtils.cpp">
      <Filter>Source Files</Filter>
    </ClCompile>
  </ItemGroup>
  <ItemGroup>
    <ClInclude Include="..\D3D\d3d9.h">
      <Filter>Header Files</Filter>
    </ClInclude>
    <ClInclude Include="..\D3D\d3d9_port.h">
      <Filter>Header Files</Filter>
    </ClInclude>
    <ClInclude Include="..\D3D\d3d9caps.h">
      <Filter>Header Files</Filter>
    </ClInclude>
    <ClInclude Include="..\trace\D3DPixRunPlayer\D3D9Info.h">
      <Filter>Header Files</Filter>
    </ClInclude>
    <ClInclude Include="..\trace\D3DPixRunPlayer\D3D9PixRunPlayer.h">
      <Filter>Header Files</Filter>
    </ClInclude>
    <ClInclude Include="..\trace\D3DPixRunPlayer\D3D9Status.h">
      <Filter>Header Files</Filter>
    </ClInclude>
    <ClInclude Include="..\D3D\d3d9types.h">
      <Filter>Header Files</Filter>
    </ClInclude>
    <ClInclude Include="..\trace\D3DPixRunPlayer\D3DBuffer.h">
      <Filter>Header Files</Filter>
    </ClInclude>
    <ClInclude Include="..\trace\D3DPixRunPlayer\D3DConfiguration.h">
      <Filter>Header Files</Filter>
    </ClInclude>
    <ClInclude Include="..\trace\D3DPixRunPlayer\D3DPixRunReader.h">
      <Filter>Header Files</Filter>
    </ClInclude>
    <ClInclude Include="..\trace\D3DPixRunPlayer\D3DPlayer.h">
      <Filter>Header Files</Filter>
    </ClInclude>
    <ClInclude Include="..\trace\D3DPixRunPlayer\IniFile.h">
      <Filter>Header Files</Filter>
    </ClInclude>
    <ClInclude Include="..\trace\D3DPixRunPlayer\stdafx.h">
      <Filter>Header Files</Filter>
    </ClInclude>
    <ClInclude Include="..\trace\D3DPixRunPlayer\StringUtils.h">
      <Filter>Header Files</Filter>
    </ClInclude>
    <ClInclude Include="..\trace\utils\zconf.h">
      <Filter>Header Files</Filter>
    </ClInclude>
    <ClInclude Include="..\trace\utils\zlib.h">
      <Filter>Header Files</Filter>
    </ClInclude>
  </ItemGroup>
  <ItemGroup>
    <None Include="..\trace\D3DPixRunPlayer\D3D9PixRunDeclarations.gen">
      <Filter>Autogenerated</Filter>
    </None>
    <None Include="..\trace\D3DPixRunPlayer\D3D9PixRunDefinitions.gen">
      <Filter>Autogenerated</Filter>
    </None>
    <None Include="..\trace\D3DPixRunPlayer\D3D9PixRunEnum.gen">
      <Filter>Autogenerated</Filter>
    </None>
    <None Include="..\trace\D3DPixRunPlayer\D3D9PixRunSwitchBranches.gen">
      <Filter>Autogenerated</Filter>
    </None>
  </ItemGroup>
</Project>